
Microsoft Visual Studio Solution File, Format Version 12.00
# Visual Studio Version 17
VisualStudioVersion = 17.9.34622.214
MinimumVisualStudioVersion = 10.0.40219.1
Project("{9A19103F-16F7-4668-BE54-9A1E7A4F7556}") = "WinFormsApp", "WinFormsApp6\WinFormsApp.csproj", "{FD2ADCF6-CF42-4749-9600-4C7B3ED75CB5}"
EndProject
Project("{9A19103F-16F7-4668-BE54-9A1E7A4F7556}") = "Presenter", "Presenter\Presenter.csproj", "{971EB506-8A89-48BF-9078-02D182460160}"
EndProject
Project("{9A19103F-16F7-4668-BE54-9A1E7A4F7556}") = "Model", "Model\Model.csproj", "{4FE8543A-8FA5-4379-98C8-4F36EDD25863}"
EndProject
Project("{9A19103F-16F7-4668-BE54-9A1E7A4F7556}") = "Shared", "Shared\Shared.csproj", "{744D7D6F-94DA-4574-9D35-D27015D34C3C}"
EndProject
Global
	GlobalSection(SolutionConfigurationPlatforms) = preSolution
		Debug|Any CPU = Debug|Any CPU
		Release|Any CPU = Release|Any CPU
	EndGlobalSection
	GlobalSection(ProjectConfigurationPlatforms) = postSolution
		{FD2ADCF6-CF42-4749-9600-4C7B3ED75CB5}.Debug|Any CPU.ActiveCfg = Debug|Any CPU
		{FD2ADCF6-CF42-4749-9600-4C7B3ED75CB5}.Debug|Any CPU.Build.0 = Debug|Any CPU
		{FD2ADCF6-CF42-4749-9600-4C7B3ED75CB5}.Release|Any CPU.ActiveCfg = Release|Any CPU
		{FD2ADCF6-CF42-4749-9600-4C7B3ED75CB5}.Release|Any CPU.Build.0 = Release|Any CPU
		{971EB506-8A89-48BF-9078-02D182460160}.Debug|Any CPU.ActiveCfg = Debug|Any CPU
		{971EB506-8A89-48BF-9078-02D182460160}.Debug|Any CPU.Build.0 = Debug|Any CPU
		{971EB506-8A89-48BF-9078-02D182460160}.Release|Any CPU.ActiveCfg = Release|Any CPU
		{971EB506-8A89-48BF-9078-02D182460160}.Release|Any CPU.Build.0 = Release|Any CPU
		{4FE8543A-8FA5-4379-98C8-4F36EDD25863}.Debug|Any CPU.ActiveCfg = Debug|Any CPU
		{4FE8543A-8FA5-4379-98C8-4F36EDD25863}.Debug|Any CPU.Build.0 = Debug|Any CPU
		{4FE8543A-8FA5-4379-98C8-4F36EDD25863}.Release|Any CPU.ActiveCfg = Release|Any CPU
		{4FE8543A-8FA5-4379-98C8-4F36EDD25863}.Release|Any CPU.Build.0 = Release|Any CPU
		{744D7D6F-94DA-4574-9D35-D27015D34C3C}.Debug|Any CPU.ActiveCfg = Debug|Any CPU
		{744D7D6F-94DA-4574-9D35-D27015D34C3C}.Debug|Any CPU.Build.0 = Debug|Any CPU
		{744D7D6F-94DA-4574-9D35-D27015D34C3C}.Release|Any CPU.ActiveCfg = Release|Any CPU
		{744D7D6F-94DA-4574-9D35-D27015D34C3C}.Release|Any CPU.Build.0 = Release|Any CPU
	EndGlobalSection
	GlobalSection(SolutionProperties) = preSolution
		HideSolutionNode = FALSE
	EndGlobalSection
	GlobalSection(ExtensibilityGlobals) = postSolution
		SolutionGuid = {4AA566C0-CD96-46B4-9C57-515DBE6FD72E}
	EndGlobalSection
EndGlobal
